
Microsoft Visual Studio Solution File, Format Version 12.00
# Visual Studio Version 17
VisualStudioVersion = 17.2.32630.192
MinimumVisualStudioVersion = 10.0.40219.1
Project("{FAE04EC0-301F-11D3-BF4B-00C04F79EFBC}") = "Test_Logout", "Test_Logout.csproj", "{9D4A435A-C398-4C28-89E5-AC8A68F6434A}"
EndProject
Global
	GlobalSection(SolutionConfigurationPlatforms) = preSolution
		Debug|Any CPU = Debug|Any CPU
		Release|Any CPU = Release|Any CPU
	EndGlobalSection
	GlobalSection(ProjectConfigurationPlatforms) = postSolution
		{9D4A435A-C398-4C28-89E5-AC8A68F6434A}.Debug|Any CPU.ActiveCfg = Debug|Any CPU
		{9D4A435A-C398-4C28-89E5-AC8A68F6434A}.Debug|Any CPU.Build.0 = Debug|Any CPU
		{9D4A435A-C398-4C28-89E5-AC8A68F6434A}.Release|Any CPU.ActiveCfg = Release|Any CPU
		{9D4A435A-C398-4C28-89E5-AC8A68F6434A}.Release|Any CPU.Build.0 = Release|Any CPU
	EndGlobalSection
	GlobalSection(SolutionProperties) = preSolution
		HideSolutionNode = FALSE
	EndGlobalSection
	GlobalSection(ExtensibilityGlobals) = postSolution
		SolutionGuid = {CBEC0079-D3B4-477D-9396-CC16D611646F}
	EndGlobalSection
EndGlobal
