
Microsoft Visual Studio Solution File, Format Version 12.00
# Visual Studio Version 17
VisualStudioVersion = 17.2.32630.192
MinimumVisualStudioVersion = 10.0.40219.1
Project("{FAE04EC0-301F-11D3-BF4B-00C04F79EFBC}") = "Test_FilterAtoZ", "Test_FilterAtoZ.csproj", "{40DD03BD-C996-4B4A-B23C-C7790DCFCC70}"
EndProject
Global
	GlobalSection(SolutionConfigurationPlatforms) = preSolution
		Debug|Any CPU = Debug|Any CPU
		Release|Any CPU = Release|Any CPU
	EndGlobalSection
	GlobalSection(ProjectConfigurationPlatforms) = postSolution
		{40DD03BD-C996-4B4A-B23C-C7790DCFCC70}.Debug|Any CPU.ActiveCfg = Debug|Any CPU
		{40DD03BD-C996-4B4A-B23C-C7790DCFCC70}.Debug|Any CPU.Build.0 = Debug|Any CPU
		{40DD03BD-C996-4B4A-B23C-C7790DCFCC70}.Release|Any CPU.ActiveCfg = Release|Any CPU
		{40DD03BD-C996-4B4A-B23C-C7790DCFCC70}.Release|Any CPU.Build.0 = Release|Any CPU
	EndGlobalSection
	GlobalSection(SolutionProperties) = preSolution
		HideSolutionNode = FALSE
	EndGlobalSection
	GlobalSection(ExtensibilityGlobals) = postSolution
		SolutionGuid = {69C6F08F-8AFD-4CE6-849A-F217F13C0191}
	EndGlobalSection
EndGlobal
