
Microsoft Visual Studio Solution File, Format Version 12.00
# Visual Studio Version 17
VisualStudioVersion = 17.2.32630.192
MinimumVisualStudioVersion = 10.0.40219.1
Project("{FAE04EC0-301F-11D3-BF4B-00C04F79EFBC}") = "Test_CartInformation", "Test_CartInformation.csproj", "{1B06D3AB-2A95-4B56-9284-5BC797604604}"
EndProject
Global
	GlobalSection(SolutionConfigurationPlatforms) = preSolution
		Debug|Any CPU = Debug|Any CPU
		Release|Any CPU = Release|Any CPU
	EndGlobalSection
	GlobalSection(ProjectConfigurationPlatforms) = postSolution
		{1B06D3AB-2A95-4B56-9284-5BC797604604}.Debug|Any CPU.ActiveCfg = Debug|Any CPU
		{1B06D3AB-2A95-4B56-9284-5BC797604604}.Debug|Any CPU.Build.0 = Debug|Any CPU
		{1B06D3AB-2A95-4B56-9284-5BC797604604}.Release|Any CPU.ActiveCfg = Release|Any CPU
		{1B06D3AB-2A95-4B56-9284-5BC797604604}.Release|Any CPU.Build.0 = Release|Any CPU
	EndGlobalSection
	GlobalSection(SolutionProperties) = preSolution
		HideSolutionNode = FALSE
	EndGlobalSection
	GlobalSection(ExtensibilityGlobals) = postSolution
		SolutionGuid = {83D33AE5-7A5B-4161-B8AF-A93E3E4B7941}
	EndGlobalSection
EndGlobal
