
Microsoft Visual Studio Solution File, Format Version 12.00
# Visual Studio Version 17
VisualStudioVersion = 17.2.32630.192
MinimumVisualStudioVersion = 10.0.40219.1
Project("{FAE04EC0-301F-11D3-BF4B-00C04F79EFBC}") = "Test_ContinueShopping", "Test_ContinueShopping.csproj", "{B734D914-6B71-4280-9710-2CF90DB3ADAE}"
EndProject
Global
	GlobalSection(SolutionConfigurationPlatforms) = preSolution
		Debug|Any CPU = Debug|Any CPU
		Release|Any CPU = Release|Any CPU
	EndGlobalSection
	GlobalSection(ProjectConfigurationPlatforms) = postSolution
		{B734D914-6B71-4280-9710-2CF90DB3ADAE}.Debug|Any CPU.ActiveCfg = Debug|Any CPU
		{B734D914-6B71-4280-9710-2CF90DB3ADAE}.Debug|Any CPU.Build.0 = Debug|Any CPU
		{B734D914-6B71-4280-9710-2CF90DB3ADAE}.Release|Any CPU.ActiveCfg = Release|Any CPU
		{B734D914-6B71-4280-9710-2CF90DB3ADAE}.Release|Any CPU.Build.0 = Release|Any CPU
	EndGlobalSection
	GlobalSection(SolutionProperties) = preSolution
		HideSolutionNode = FALSE
	EndGlobalSection
	GlobalSection(ExtensibilityGlobals) = postSolution
		SolutionGuid = {BE223B0F-EFE3-4583-BD89-230622D68929}
	EndGlobalSection
EndGlobal
