
Microsoft Visual Studio Solution File, Format Version 12.00
# Visual Studio Version 17
VisualStudioVersion = 17.2.32630.192
MinimumVisualStudioVersion = 10.0.40219.1
Project("{FAE04EC0-301F-11D3-BF4B-00C04F79EFBC}") = "Test_Login_Mandatory_Fields", "Test_Login_Mandatory_Fields.csproj", "{E57BE164-5989-47BF-8DE3-545528A0887B}"
EndProject
Global
	GlobalSection(SolutionConfigurationPlatforms) = preSolution
		Debug|Any CPU = Debug|Any CPU
		Release|Any CPU = Release|Any CPU
	EndGlobalSection
	GlobalSection(ProjectConfigurationPlatforms) = postSolution
		{E57BE164-5989-47BF-8DE3-545528A0887B}.Debug|Any CPU.ActiveCfg = Debug|Any CPU
		{E57BE164-5989-47BF-8DE3-545528A0887B}.Debug|Any CPU.Build.0 = Debug|Any CPU
		{E57BE164-5989-47BF-8DE3-545528A0887B}.Release|Any CPU.ActiveCfg = Release|Any CPU
		{E57BE164-5989-47BF-8DE3-545528A0887B}.Release|Any CPU.Build.0 = Release|Any CPU
	EndGlobalSection
	GlobalSection(SolutionProperties) = preSolution
		HideSolutionNode = FALSE
	EndGlobalSection
	GlobalSection(ExtensibilityGlobals) = postSolution
		SolutionGuid = {397EA50B-8F50-494D-B6AF-65DD1E8CB288}
	EndGlobalSection
EndGlobal
