
Microsoft Visual Studio Solution File, Format Version 12.00
# Visual Studio Version 17
VisualStudioVersion = 17.2.32630.192
MinimumVisualStudioVersion = 10.0.40219.1
Project("{FAE04EC0-301F-11D3-BF4B-00C04F79EFBC}") = "Test_SuccessfulPurchase", "Test_SuccessfulPurchase.csproj", "{333BD4C7-1C48-4A7A-9110-B7F614D732CA}"
EndProject
Global
	GlobalSection(SolutionConfigurationPlatforms) = preSolution
		Debug|Any CPU = Debug|Any CPU
		Release|Any CPU = Release|Any CPU
	EndGlobalSection
	GlobalSection(ProjectConfigurationPlatforms) = postSolution
		{333BD4C7-1C48-4A7A-9110-B7F614D732CA}.Debug|Any CPU.ActiveCfg = Debug|Any CPU
		{333BD4C7-1C48-4A7A-9110-B7F614D732CA}.Debug|Any CPU.Build.0 = Debug|Any CPU
		{333BD4C7-1C48-4A7A-9110-B7F614D732CA}.Release|Any CPU.ActiveCfg = Release|Any CPU
		{333BD4C7-1C48-4A7A-9110-B7F614D732CA}.Release|Any CPU.Build.0 = Release|Any CPU
	EndGlobalSection
	GlobalSection(SolutionProperties) = preSolution
		HideSolutionNode = FALSE
	EndGlobalSection
	GlobalSection(ExtensibilityGlobals) = postSolution
		SolutionGuid = {42B88CC8-80B2-4E04-ACCF-AE3345A64721}
	EndGlobalSection
EndGlobal
