
Microsoft Visual Studio Solution File, Format Version 12.00
# Visual Studio Version 17
VisualStudioVersion = 17.2.32630.192
MinimumVisualStudioVersion = 10.0.40219.1
Project("{FAE04EC0-301F-11D3-BF4B-00C04F79EFBC}") = "Test_Facebook_Navigation", "Test_Facebook_Navigation.csproj", "{1EC65DA7-055E-45A5-BC29-C6B782FC4314}"
EndProject
Global
	GlobalSection(SolutionConfigurationPlatforms) = preSolution
		Debug|Any CPU = Debug|Any CPU
		Release|Any CPU = Release|Any CPU
	EndGlobalSection
	GlobalSection(ProjectConfigurationPlatforms) = postSolution
		{1EC65DA7-055E-45A5-BC29-C6B782FC4314}.Debug|Any CPU.ActiveCfg = Debug|Any CPU
		{1EC65DA7-055E-45A5-BC29-C6B782FC4314}.Debug|Any CPU.Build.0 = Debug|Any CPU
		{1EC65DA7-055E-45A5-BC29-C6B782FC4314}.Release|Any CPU.ActiveCfg = Release|Any CPU
		{1EC65DA7-055E-45A5-BC29-C6B782FC4314}.Release|Any CPU.Build.0 = Release|Any CPU
	EndGlobalSection
	GlobalSection(SolutionProperties) = preSolution
		HideSolutionNode = FALSE
	EndGlobalSection
	GlobalSection(ExtensibilityGlobals) = postSolution
		SolutionGuid = {5EE2C06A-0957-48F7-9C6F-ED4E3BBDFB9E}
	EndGlobalSection
EndGlobal
